
Microsoft Visual Studio Solution File, Format Version 12.00
# Visual Studio Version 16
VisualStudioVersion = 16.0.30717.126
MinimumVisualStudioVersion = 10.0.40219.1
Project("{FAE04EC0-301F-11D3-BF4B-00C04F79EFBC}") = "DataStructureUsingStackAndQueue", "DataStructureUsingStackAndQueue\DataStructureUsingStackAndQueue.csproj", "{EC24F348-93A8-447E-9129-DBDBDF3D64FC}"
EndProject
Global
	GlobalSection(SolutionConfigurationPlatforms) = preSolution
		Debug|Any CPU = Debug|Any CPU
		Release|Any CPU = Release|Any CPU
	EndGlobalSection
	GlobalSection(ProjectConfigurationPlatforms) = postSolution
		{EC24F348-93A8-447E-9129-DBDBDF3D64FC}.Debug|Any CPU.ActiveCfg = Debug|Any CPU
		{EC24F348-93A8-447E-9129-DBDBDF3D64FC}.Debug|Any CPU.Build.0 = Debug|Any CPU
		{EC24F348-93A8-447E-9129-DBDBDF3D64FC}.Release|Any CPU.ActiveCfg = Release|Any CPU
		{EC24F348-93A8-447E-9129-DBDBDF3D64FC}.Release|Any CPU.Build.0 = Release|Any CPU
	EndGlobalSection
	GlobalSection(SolutionProperties) = preSolution
		HideSolutionNode = FALSE
	EndGlobalSection
	GlobalSection(ExtensibilityGlobals) = postSolution
		SolutionGuid = {A74CD168-0A7F-4D60-97DD-B4A01A6E3E51}
	EndGlobalSection
EndGlobal
